
Microsoft Visual Studio Solution File, Format Version 12.00
# Visual Studio Version 17
VisualStudioVersion = 17.3.32825.248
MinimumVisualStudioVersion = 10.0.40219.1
Project("{9A19103F-16F7-4668-BE54-9A1E7A4F7556}") = "메인", "ConsoleApp1\메인.csproj", "{7F0488C8-9BDF-4D13-8C97-897920422497}"
EndProject
Project("{2150E333-8FDC-42A3-9474-1A3956D46DE8}") = "DLL", "DLL", "{9659F38F-5393-40C4-8B1A-C0C2D921EC10}"
EndProject
Project("{9A19103F-16F7-4668-BE54-9A1E7A4F7556}") = "ch_7", "ch_7\ch_7.csproj", "{0BE0E32C-B934-4A0D-930B-5AF8CD26D383}"
EndProject
Project("{9A19103F-16F7-4668-BE54-9A1E7A4F7556}") = "Area_Calc_OP", "Area_Calc_OP\Area_Calc_OP.csproj", "{3E0B0C08-325F-4B69-95E8-A8AE09FC4778}"
EndProject
Project("{9A19103F-16F7-4668-BE54-9A1E7A4F7556}") = "JuminDLL", "JuminDLL\JuminDLL.csproj", "{CA2485D9-EC4A-47FE-9499-701522325551}"
EndProject
Project("{9A19103F-16F7-4668-BE54-9A1E7A4F7556}") = "허은택_가위바위보DLL", "허은택_가위바위보DLL\허은택_가위바위보DLL.csproj", "{F3E65046-38FC-4783-A2C7-27BDE4F75F28}"
EndProject
Project("{9A19103F-16F7-4668-BE54-9A1E7A4F7556}") = "ch9_exception,thread", "9_exception\ch9_exception,thread.csproj", "{D0ED1A41-8AF8-4A66-B889-921B8FFF4514}"
EndProject
Project("{FAE04EC0-301F-11D3-BF4B-00C04F79EFBC}") = "ch10_Win_form", "WindowsFormsApp1\ch10_Win_form.csproj", "{D8FF7AEC-E077-436B-B41F-3FE56CC25E48}"
EndProject
Project("{FAE04EC0-301F-11D3-BF4B-00C04F79EFBC}") = "ch11_Event", "..\ch11_Event\ch11_Event\ch11_Event.csproj", "{AAA508AC-98E3-4494-A328-CD9BD642C42F}"
EndProject
Project("{FAE04EC0-301F-11D3-BF4B-00C04F79EFBC}") = "Operation", "OperationDLL\Operation.csproj", "{783E4514-0F6D-42D9-AFA7-2AE6BC11ACAC}"
EndProject
Project("{FAE04EC0-301F-11D3-BF4B-00C04F79EFBC}") = "ch1", "ch1\ch1.csproj", "{65A804A5-FEFD-4599-AD95-81C831CBF464}"
EndProject
Project("{FAE04EC0-301F-11D3-BF4B-00C04F79EFBC}") = "class", "class\class.csproj", "{3AC90B99-4A3F-460B-B268-9DF21DF37A6C}"
EndProject
Project("{FAE04EC0-301F-11D3-BF4B-00C04F79EFBC}") = "method", "method\method.csproj", "{F521E7B0-35B5-435F-A7EF-FDD631A0EC6A}"
EndProject
Project("{FAE04EC0-301F-11D3-BF4B-00C04F79EFBC}") = "생성자, class고급", "생성자, class고급\생성자, class고급.csproj", "{077E1759-5E03-4975-98C5-EB154658DBE1}"
EndProject
Global
	GlobalSection(SolutionConfigurationPlatforms) = preSolution
		Debug|Any CPU = Debug|Any CPU
		Debug|x86 = Debug|x86
		Release|Any CPU = Release|Any CPU
		Release|x86 = Release|x86
	EndGlobalSection
	GlobalSection(ProjectConfigurationPlatforms) = postSolution
		{7F0488C8-9BDF-4D13-8C97-897920422497}.Debug|Any CPU.ActiveCfg = Debug|Any CPU
		{7F0488C8-9BDF-4D13-8C97-897920422497}.Debug|Any CPU.Build.0 = Debug|Any CPU
		{7F0488C8-9BDF-4D13-8C97-897920422497}.Debug|x86.ActiveCfg = Debug|Any CPU
		{7F0488C8-9BDF-4D13-8C97-897920422497}.Debug|x86.Build.0 = Debug|Any CPU
		{7F0488C8-9BDF-4D13-8C97-897920422497}.Release|Any CPU.ActiveCfg = Release|Any CPU
		{7F0488C8-9BDF-4D13-8C97-897920422497}.Release|Any CPU.Build.0 = Release|Any CPU
		{7F0488C8-9BDF-4D13-8C97-897920422497}.Release|x86.ActiveCfg = Release|Any CPU
		{7F0488C8-9BDF-4D13-8C97-897920422497}.Release|x86.Build.0 = Release|Any CPU
		{0BE0E32C-B934-4A0D-930B-5AF8CD26D383}.Debug|Any CPU.ActiveCfg = Debug|Any CPU
		{0BE0E32C-B934-4A0D-930B-5AF8CD26D383}.Debug|Any CPU.Build.0 = Debug|Any CPU
		{0BE0E32C-B934-4A0D-930B-5AF8CD26D383}.Debug|x86.ActiveCfg = Debug|Any CPU
		{0BE0E32C-B934-4A0D-930B-5AF8CD26D383}.Debug|x86.Build.0 = Debug|Any CPU
		{0BE0E32C-B934-4A0D-930B-5AF8CD26D383}.Release|Any CPU.ActiveCfg = Release|Any CPU
		{0BE0E32C-B934-4A0D-930B-5AF8CD26D383}.Release|Any CPU.Build.0 = Release|Any CPU
		{0BE0E32C-B934-4A0D-930B-5AF8CD26D383}.Release|x86.ActiveCfg = Release|Any CPU
		{0BE0E32C-B934-4A0D-930B-5AF8CD26D383}.Release|x86.Build.0 = Release|Any CPU
		{3E0B0C08-325F-4B69-95E8-A8AE09FC4778}.Debug|Any CPU.ActiveCfg = Debug|Any CPU
		{3E0B0C08-325F-4B69-95E8-A8AE09FC4778}.Debug|Any CPU.Build.0 = Debug|Any CPU
		{3E0B0C08-325F-4B69-95E8-A8AE09FC4778}.Debug|x86.ActiveCfg = Debug|Any CPU
		{3E0B0C08-325F-4B69-95E8-A8AE09FC4778}.Debug|x86.Build.0 = Debug|Any CPU
		{3E0B0C08-325F-4B69-95E8-A8AE09FC4778}.Release|Any CPU.ActiveCfg = Release|Any CPU
		{3E0B0C08-325F-4B69-95E8-A8AE09FC4778}.Release|Any CPU.Build.0 = Release|Any CPU
		{3E0B0C08-325F-4B69-95E8-A8AE09FC4778}.Release|x86.ActiveCfg = Release|Any CPU
		{3E0B0C08-325F-4B69-95E8-A8AE09FC4778}.Release|x86.Build.0 = Release|Any CPU
		{CA2485D9-EC4A-47FE-9499-701522325551}.Debug|Any CPU.ActiveCfg = Debug|Any CPU
		{CA2485D9-EC4A-47FE-9499-701522325551}.Debug|Any CPU.Build.0 = Debug|Any CPU
		{CA2485D9-EC4A-47FE-9499-701522325551}.Debug|x86.ActiveCfg = Debug|Any CPU
		{CA2485D9-EC4A-47FE-9499-701522325551}.Debug|x86.Build.0 = Debug|Any CPU
		{CA2485D9-EC4A-47FE-9499-701522325551}.Release|Any CPU.ActiveCfg = Release|Any CPU
		{CA2485D9-EC4A-47FE-9499-701522325551}.Release|Any CPU.Build.0 = Release|Any CPU
		{CA2485D9-EC4A-47FE-9499-701522325551}.Release|x86.ActiveCfg = Release|Any CPU
		{CA2485D9-EC4A-47FE-9499-701522325551}.Release|x86.Build.0 = Release|Any CPU
		{F3E65046-38FC-4783-A2C7-27BDE4F75F28}.Debug|Any CPU.ActiveCfg = Debug|Any CPU
		{F3E65046-38FC-4783-A2C7-27BDE4F75F28}.Debug|Any CPU.Build.0 = Debug|Any CPU
		{F3E65046-38FC-4783-A2C7-27BDE4F75F28}.Debug|x86.ActiveCfg = Debug|Any CPU
		{F3E65046-38FC-4783-A2C7-27BDE4F75F28}.Debug|x86.Build.0 = Debug|Any CPU
		{F3E65046-38FC-4783-A2C7-27BDE4F75F28}.Release|Any CPU.ActiveCfg = Release|Any CPU
		{F3E65046-38FC-4783-A2C7-27BDE4F75F28}.Release|Any CPU.Build.0 = Release|Any CPU
		{F3E65046-38FC-4783-A2C7-27BDE4F75F28}.Release|x86.ActiveCfg = Release|Any CPU
		{F3E65046-38FC-4783-A2C7-27BDE4F75F28}.Release|x86.Build.0 = Release|Any CPU
		{D0ED1A41-8AF8-4A66-B889-921B8FFF4514}.Debug|Any CPU.ActiveCfg = Debug|Any CPU
		{D0ED1A41-8AF8-4A66-B889-921B8FFF4514}.Debug|Any CPU.Build.0 = Debug|Any CPU
		{D0ED1A41-8AF8-4A66-B889-921B8FFF4514}.Debug|x86.ActiveCfg = Debug|Any CPU
		{D0ED1A41-8AF8-4A66-B889-921B8FFF4514}.Debug|x86.Build.0 = Debug|Any CPU
		{D0ED1A41-8AF8-4A66-B889-921B8FFF4514}.Release|Any CPU.ActiveCfg = Release|Any CPU
		{D0ED1A41-8AF8-4A66-B889-921B8FFF4514}.Release|Any CPU.Build.0 = Release|Any CPU
		{D0ED1A41-8AF8-4A66-B889-921B8FFF4514}.Release|x86.ActiveCfg = Release|Any CPU
		{D0ED1A41-8AF8-4A66-B889-921B8FFF4514}.Release|x86.Build.0 = Release|Any CPU
		{D8FF7AEC-E077-436B-B41F-3FE56CC25E48}.Debug|Any CPU.ActiveCfg = Debug|Any CPU
		{D8FF7AEC-E077-436B-B41F-3FE56CC25E48}.Debug|Any CPU.Build.0 = Debug|Any CPU
		{D8FF7AEC-E077-436B-B41F-3FE56CC25E48}.Debug|x86.ActiveCfg = Debug|Any CPU
		{D8FF7AEC-E077-436B-B41F-3FE56CC25E48}.Debug|x86.Build.0 = Debug|Any CPU
		{D8FF7AEC-E077-436B-B41F-3FE56CC25E48}.Release|Any CPU.ActiveCfg = Release|Any CPU
		{D8FF7AEC-E077-436B-B41F-3FE56CC25E48}.Release|Any CPU.Build.0 = Release|Any CPU
		{D8FF7AEC-E077-436B-B41F-3FE56CC25E48}.Release|x86.ActiveCfg = Release|Any CPU
		{D8FF7AEC-E077-436B-B41F-3FE56CC25E48}.Release|x86.Build.0 = Release|Any CPU
		{AAA508AC-98E3-4494-A328-CD9BD642C42F}.Debug|Any CPU.ActiveCfg = Debug|Any CPU
		{AAA508AC-98E3-4494-A328-CD9BD642C42F}.Debug|Any CPU.Build.0 = Debug|Any CPU
		{AAA508AC-98E3-4494-A328-CD9BD642C42F}.Debug|x86.ActiveCfg = Debug|Any CPU
		{AAA508AC-98E3-4494-A328-CD9BD642C42F}.Debug|x86.Build.0 = Debug|Any CPU
		{AAA508AC-98E3-4494-A328-CD9BD642C42F}.Release|Any CPU.ActiveCfg = Release|Any CPU
		{AAA508AC-98E3-4494-A328-CD9BD642C42F}.Release|Any CPU.Build.0 = Release|Any CPU
		{AAA508AC-98E3-4494-A328-CD9BD642C42F}.Release|x86.ActiveCfg = Release|Any CPU
		{AAA508AC-98E3-4494-A328-CD9BD642C42F}.Release|x86.Build.0 = Release|Any CPU
		{783E4514-0F6D-42D9-AFA7-2AE6BC11ACAC}.Debug|Any CPU.ActiveCfg = Debug|Any CPU
		{783E4514-0F6D-42D9-AFA7-2AE6BC11ACAC}.Debug|Any CPU.Build.0 = Debug|Any CPU
		{783E4514-0F6D-42D9-AFA7-2AE6BC11ACAC}.Debug|x86.ActiveCfg = Debug|Any CPU
		{783E4514-0F6D-42D9-AFA7-2AE6BC11ACAC}.Debug|x86.Build.0 = Debug|Any CPU
		{783E4514-0F6D-42D9-AFA7-2AE6BC11ACAC}.Release|Any CPU.ActiveCfg = Release|Any CPU
		{783E4514-0F6D-42D9-AFA7-2AE6BC11ACAC}.Release|Any CPU.Build.0 = Release|Any CPU
		{783E4514-0F6D-42D9-AFA7-2AE6BC11ACAC}.Release|x86.ActiveCfg = Release|Any CPU
		{783E4514-0F6D-42D9-AFA7-2AE6BC11ACAC}.Release|x86.Build.0 = Release|Any CPU
		{65A804A5-FEFD-4599-AD95-81C831CBF464}.Debug|Any CPU.ActiveCfg = Debug|Any CPU
		{65A804A5-FEFD-4599-AD95-81C831CBF464}.Debug|Any CPU.Build.0 = Debug|Any CPU
		{65A804A5-FEFD-4599-AD95-81C831CBF464}.Debug|x86.ActiveCfg = Debug|Any CPU
		{65A804A5-FEFD-4599-AD95-81C831CBF464}.Debug|x86.Build.0 = Debug|Any CPU
		{65A804A5-FEFD-4599-AD95-81C831CBF464}.Release|Any CPU.ActiveCfg = Release|Any CPU
		{65A804A5-FEFD-4599-AD95-81C831CBF464}.Release|Any CPU.Build.0 = Release|Any CPU
		{65A804A5-FEFD-4599-AD95-81C831CBF464}.Release|x86.ActiveCfg = Release|Any CPU
		{65A804A5-FEFD-4599-AD95-81C831CBF464}.Release|x86.Build.0 = Release|Any CPU
		{3AC90B99-4A3F-460B-B268-9DF21DF37A6C}.Debug|Any CPU.ActiveCfg = Debug|Any CPU
		{3AC90B99-4A3F-460B-B268-9DF21DF37A6C}.Debug|Any CPU.Build.0 = Debug|Any CPU
		{3AC90B99-4A3F-460B-B268-9DF21DF37A6C}.Debug|x86.ActiveCfg = Debug|Any CPU
		{3AC90B99-4A3F-460B-B268-9DF21DF37A6C}.Debug|x86.Build.0 = Debug|Any CPU
		{3AC90B99-4A3F-460B-B268-9DF21DF37A6C}.Release|Any CPU.ActiveCfg = Release|Any CPU
		{3AC90B99-4A3F-460B-B268-9DF21DF37A6C}.Release|Any CPU.Build.0 = Release|Any CPU
		{3AC90B99-4A3F-460B-B268-9DF21DF37A6C}.Release|x86.ActiveCfg = Release|Any CPU
		{3AC90B99-4A3F-460B-B268-9DF21DF37A6C}.Release|x86.Build.0 = Release|Any CPU
		{F521E7B0-35B5-435F-A7EF-FDD631A0EC6A}.Debug|Any CPU.ActiveCfg = Debug|Any CPU
		{F521E7B0-35B5-435F-A7EF-FDD631A0EC6A}.Debug|Any CPU.Build.0 = Debug|Any CPU
		{F521E7B0-35B5-435F-A7EF-FDD631A0EC6A}.Debug|x86.ActiveCfg = Debug|Any CPU
		{F521E7B0-35B5-435F-A7EF-FDD631A0EC6A}.Debug|x86.Build.0 = Debug|Any CPU
		{F521E7B0-35B5-435F-A7EF-FDD631A0EC6A}.Release|Any CPU.ActiveCfg = Release|Any CPU
		{F521E7B0-35B5-435F-A7EF-FDD631A0EC6A}.Release|Any CPU.Build.0 = Release|Any CPU
		{F521E7B0-35B5-435F-A7EF-FDD631A0EC6A}.Release|x86.ActiveCfg = Release|Any CPU
		{F521E7B0-35B5-435F-A7EF-FDD631A0EC6A}.Release|x86.Build.0 = Release|Any CPU
		{077E1759-5E03-4975-98C5-EB154658DBE1}.Debug|Any CPU.ActiveCfg = Debug|Any CPU
		{077E1759-5E03-4975-98C5-EB154658DBE1}.Debug|Any CPU.Build.0 = Debug|Any CPU
		{077E1759-5E03-4975-98C5-EB154658DBE1}.Debug|x86.ActiveCfg = Debug|Any CPU
		{077E1759-5E03-4975-98C5-EB154658DBE1}.Debug|x86.Build.0 = Debug|Any CPU
		{077E1759-5E03-4975-98C5-EB154658DBE1}.Release|Any CPU.ActiveCfg = Release|Any CPU
		{077E1759-5E03-4975-98C5-EB154658DBE1}.Release|Any CPU.Build.0 = Release|Any CPU
		{077E1759-5E03-4975-98C5-EB154658DBE1}.Release|x86.ActiveCfg = Release|Any CPU
		{077E1759-5E03-4975-98C5-EB154658DBE1}.Release|x86.Build.0 = Release|Any CPU
	EndGlobalSection
	GlobalSection(SolutionProperties) = preSolution
		HideSolutionNode = FALSE
	EndGlobalSection
	GlobalSection(NestedProjects) = preSolution
		{CA2485D9-EC4A-47FE-9499-701522325551} = {9659F38F-5393-40C4-8B1A-C0C2D921EC10}
		{F3E65046-38FC-4783-A2C7-27BDE4F75F28} = {9659F38F-5393-40C4-8B1A-C0C2D921EC10}
		{783E4514-0F6D-42D9-AFA7-2AE6BC11ACAC} = {9659F38F-5393-40C4-8B1A-C0C2D921EC10}
	EndGlobalSection
	GlobalSection(ExtensibilityGlobals) = postSolution
		SolutionGuid = {9D4FBE0F-DF47-4007-A6B1-B9F201D73AC3}
	EndGlobalSection
EndGlobal
